{
  "name": "@shenA2024/whale-persona",
  "version": "0.12.1",
  "lockfileVersion": 3,
  "requires": true,
  "packages": {
    "": {
      "name": "@shenA2024/whale-persona",
      "version": "0.12.1",
      "license": "MIT",
      "bin": {
        "whale-persona-dsh": "scripts/install-dsh.mjs"
      },
      "engines": {
        "node": ">=20"
      }
    }
  }
}
